
Microsoft Visual Studio Solution File, Format Version 12.00
# Visual Studio Version 17
VisualStudioVersion = 17.8.34525.116
MinimumVisualStudioVersion = 10.0.40219.1
Project("{9A19103F-16F7-4668-BE54-9A1E7A4F7556}") = "ProductService.Api", "ProductService.Api\ProductService.Api.csproj", "{E5A0E009-E894-43FC-B336-0EED69B53DE6}"
EndProject
Project("{2150E333-8FDC-42A3-9474-1A3956D46DE8}") = "Tests", "Tests", "{00156D29-A668-48DD-90AE-946CEC40DCCF}"
EndProject
Project("{9A19103F-16F7-4668-BE54-9A1E7A4F7556}") = "ProductService.Domain.Test", "ProductService.Domain.Test\ProductService.Domain.Test.csproj", "{C464A886-231D-492D-ACBD-8A22207A4D52}"
EndProject
Project("{2150E333-8FDC-42A3-9474-1A3956D46DE8}") = "src", "src", "{A4D23E68-6AC9-4707-AF6A-2EA3494CBAA3}"
EndProject
Project("{9A19103F-16F7-4668-BE54-9A1E7A4F7556}") = "ProductService.Domain", "ProductService.Domain\ProductService.Domain.csproj", "{3B448D4A-1FFD-4A29-AF36-ADFED521C97C}"
EndProject
Project("{9A19103F-16F7-4668-BE54-9A1E7A4F7556}") = "ProductService.UseCases.Test", "ProductService.UseCases.Test\ProductService.UseCases.Test.csproj", "{C2945AC2-5306-4D95-8521-03415C91AAEE}"
EndProject
Project("{9A19103F-16F7-4668-BE54-9A1E7A4F7556}") = "ProductService.UseCases", "ProductService.UseCases\ProductService.UseCases.csproj", "{6CEA71CB-1FCE-4E3B-80C8-9C2B9EE3FB66}"
EndProject
Project("{9A19103F-16F7-4668-BE54-9A1E7A4F7556}") = "ProductService.Infrastructure", "ProductService.Infrastructure\ProductService.Infrastructure.csproj", "{7ABF04D6-6B3E-4036-A823-45E429A6D0F2}"
EndProject
Project("{2150E333-8FDC-42A3-9474-1A3956D46DE8}") = "Shared", "Shared", "{00CF2000-7269-4A2A-AAB2-411EA9E38BBF}"
EndProject
Project("{9A19103F-16F7-4668-BE54-9A1E7A4F7556}") = "SharedKernel", "SharedKernel\SharedKernel.csproj", "{FD4732F4-930A-40A8-A112-CBC6B055FD75}"
EndProject
Project("{9A19103F-16F7-4668-BE54-9A1E7A4F7556}") = "ProductService.Infrastructure.Test", "ProductService.Infrastructure.Test\ProductService.Infrastructure.Test.csproj", "{A176E26C-D252-430A-A8D8-B20A82551472}"
EndProject
Project("{FAE04EC0-301F-11D3-BF4B-00C04F79EFBC}") = "ProductService.Api.Test", "ProductService.Api.Test\ProductService.Api.Test.csproj", "{B0BE940E-A94B-421B-B816-6C5023068F6C}"
EndProject
Global
	GlobalSection(SolutionConfigurationPlatforms) = preSolution
		Debug|Any CPU = Debug|Any CPU
		Release|Any CPU = Release|Any CPU
	EndGlobalSection
	GlobalSection(ProjectConfigurationPlatforms) = postSolution
		{E5A0E009-E894-43FC-B336-0EED69B53DE6}.Debug|Any CPU.ActiveCfg = Debug|Any CPU
		{E5A0E009-E894-43FC-B336-0EED69B53DE6}.Debug|Any CPU.Build.0 = Debug|Any CPU
		{E5A0E009-E894-43FC-B336-0EED69B53DE6}.Release|Any CPU.ActiveCfg = Release|Any CPU
		{E5A0E009-E894-43FC-B336-0EED69B53DE6}.Release|Any CPU.Build.0 = Release|Any CPU
		{C464A886-231D-492D-ACBD-8A22207A4D52}.Debug|Any CPU.ActiveCfg = Debug|Any CPU
		{C464A886-231D-492D-ACBD-8A22207A4D52}.Debug|Any CPU.Build.0 = Debug|Any CPU
		{C464A886-231D-492D-ACBD-8A22207A4D52}.Release|Any CPU.ActiveCfg = Release|Any CPU
		{C464A886-231D-492D-ACBD-8A22207A4D52}.Release|Any CPU.Build.0 = Release|Any CPU
		{3B448D4A-1FFD-4A29-AF36-ADFED521C97C}.Debug|Any CPU.ActiveCfg = Debug|Any CPU
		{3B448D4A-1FFD-4A29-AF36-ADFED521C97C}.Debug|Any CPU.Build.0 = Debug|Any CPU
		{3B448D4A-1FFD-4A29-AF36-ADFED521C97C}.Release|Any CPU.ActiveCfg = Release|Any CPU
		{3B448D4A-1FFD-4A29-AF36-ADFED521C97C}.Release|Any CPU.Build.0 = Release|Any CPU
		{C2945AC2-5306-4D95-8521-03415C91AAEE}.Debug|Any CPU.ActiveCfg = Debug|Any CPU
		{C2945AC2-5306-4D95-8521-03415C91AAEE}.Debug|Any CPU.Build.0 = Debug|Any CPU
		{C2945AC2-5306-4D95-8521-03415C91AAEE}.Release|Any CPU.ActiveCfg = Release|Any CPU
		{C2945AC2-5306-4D95-8521-03415C91AAEE}.Release|Any CPU.Build.0 = Release|Any CPU
		{6CEA71CB-1FCE-4E3B-80C8-9C2B9EE3FB66}.Debug|Any CPU.ActiveCfg = Debug|Any CPU
		{6CEA71CB-1FCE-4E3B-80C8-9C2B9EE3FB66}.Debug|Any CPU.Build.0 = Debug|Any CPU
		{6CEA71CB-1FCE-4E3B-80C8-9C2B9EE3FB66}.Release|Any CPU.ActiveCfg = Release|Any CPU
		{6CEA71CB-1FCE-4E3B-80C8-9C2B9EE3FB66}.Release|Any CPU.Build.0 = Release|Any CPU
		{7ABF04D6-6B3E-4036-A823-45E429A6D0F2}.Debug|Any CPU.ActiveCfg = Debug|Any CPU
		{7ABF04D6-6B3E-4036-A823-45E429A6D0F2}.Debug|Any CPU.Build.0 = Debug|Any CPU
		{7ABF04D6-6B3E-4036-A823-45E429A6D0F2}.Release|Any CPU.ActiveCfg = Release|Any CPU
		{7ABF04D6-6B3E-4036-A823-45E429A6D0F2}.Release|Any CPU.Build.0 = Release|Any CPU
		{FD4732F4-930A-40A8-A112-CBC6B055FD75}.Debug|Any CPU.ActiveCfg = Debug|Any CPU
		{FD4732F4-930A-40A8-A112-CBC6B055FD75}.Debug|Any CPU.Build.0 = Debug|Any CPU
		{FD4732F4-930A-40A8-A112-CBC6B055FD75}.Release|Any CPU.ActiveCfg = Release|Any CPU
		{FD4732F4-930A-40A8-A112-CBC6B055FD75}.Release|Any CPU.Build.0 = Release|Any CPU
		{A176E26C-D252-430A-A8D8-B20A82551472}.Debug|Any CPU.ActiveCfg = Debug|Any CPU
		{A176E26C-D252-430A-A8D8-B20A82551472}.Debug|Any CPU.Build.0 = Debug|Any CPU
		{A176E26C-D252-430A-A8D8-B20A82551472}.Release|Any CPU.ActiveCfg = Release|Any CPU
		{A176E26C-D252-430A-A8D8-B20A82551472}.Release|Any CPU.Build.0 = Release|Any CPU
		{B0BE940E-A94B-421B-B816-6C5023068F6C}.Debug|Any CPU.ActiveCfg = Debug|Any CPU
		{B0BE940E-A94B-421B-B816-6C5023068F6C}.Debug|Any CPU.Build.0 = Debug|Any CPU
		{B0BE940E-A94B-421B-B816-6C5023068F6C}.Release|Any CPU.ActiveCfg = Release|Any CPU
		{B0BE940E-A94B-421B-B816-6C5023068F6C}.Release|Any CPU.Build.0 = Release|Any CPU
	EndGlobalSection
	GlobalSection(SolutionProperties) = preSolution
		HideSolutionNode = FALSE
	EndGlobalSection
	GlobalSection(NestedProjects) = preSolution
		{E5A0E009-E894-43FC-B336-0EED69B53DE6} = {A4D23E68-6AC9-4707-AF6A-2EA3494CBAA3}
		{C464A886-231D-492D-ACBD-8A22207A4D52} = {00156D29-A668-48DD-90AE-946CEC40DCCF}
		{3B448D4A-1FFD-4A29-AF36-ADFED521C97C} = {A4D23E68-6AC9-4707-AF6A-2EA3494CBAA3}
		{C2945AC2-5306-4D95-8521-03415C91AAEE} = {00156D29-A668-48DD-90AE-946CEC40DCCF}
		{6CEA71CB-1FCE-4E3B-80C8-9C2B9EE3FB66} = {A4D23E68-6AC9-4707-AF6A-2EA3494CBAA3}
		{7ABF04D6-6B3E-4036-A823-45E429A6D0F2} = {A4D23E68-6AC9-4707-AF6A-2EA3494CBAA3}
		{FD4732F4-930A-40A8-A112-CBC6B055FD75} = {00CF2000-7269-4A2A-AAB2-411EA9E38BBF}
		{A176E26C-D252-430A-A8D8-B20A82551472} = {00156D29-A668-48DD-90AE-946CEC40DCCF}
		{B0BE940E-A94B-421B-B816-6C5023068F6C} = {00156D29-A668-48DD-90AE-946CEC40DCCF}
	EndGlobalSection
	GlobalSection(ExtensibilityGlobals) = postSolution
		SolutionGuid = {41EA571F-0440-4EAC-B8FC-C300DDFC5D5A}
	EndGlobalSection
EndGlobal
